<?xml version="1.0" encoding="utf-8"?>
<Project ToolsVersion="4.0" xmlns="http://schemas.microsoft.com/developer/msbuild/2003">
  <ItemGroup>
    <Filter Include="Исходные файлы">
      <UniqueIdentifier>{4FC737F1-C7A5-4376-A066-2A32D752A2FF}</UniqueIdentifier>
      <Extensions>cpp;c;cc;cxx;c++;cppm;ixx;def;odl;idl;hpj;bat;asm;asmx</Extensions>
    </Filter>
    <Filter Include="Файлы заголовков">
      <UniqueIdentifier>{93995380-89BD-4b04-88EB-625FBE52EBFB}</UniqueIdentifier>
      <Extensions>h;hh;hpp;hxx;h++;hm;inl;inc;ipp;xsd</Extensions>
    </Filter>
    <Filter Include="Файлы ресурсов">
      <UniqueIdentifier>{67DA6AB6-F800-4c08-8B7A-83BB121AAD01}</UniqueIdentifier>
      <Extensions>rc;ico;cur;bmp;dlg;rc2;rct;bin;rgs;gif;jpg;jpeg;jpe;resx;tiff;tif;png;wav;mfcribbon-ms</Extensions>
    </Filter>
    <Filter Include="Struct">
      <UniqueIdentifier>{11b1b459-592d-4e4d-8117-434fefcc765a}</UniqueIdentifier>
    </Filter>
    <Filter Include="Util">
      <UniqueIdentifier>{fce56c10-ac02-4daf-ba87-758b2cd89c4d}</UniqueIdentifier>
    </Filter>
    <Filter Include="VMPDetect">
      <UniqueIdentifier>{d6fec32f-747b-426c-b70b-089505a3e3e7}</UniqueIdentifier>
    </Filter>
  </ItemGroup>
  <ItemGroup>
    <ClCompile Include="Baltica 29.cpp">
      <Filter>Исходные файлы</Filter>
    </ClCompile>
  </ItemGroup>
  <ItemGroup>
    <ClInclude Include="Struct.h">
      <Filter>Struct</Filter>
    </ClInclude>
    <ClInclude Include="NoCRT.h">
      <Filter>Util</Filter>
    </ClInclude>
    <ClInclude Include="VMPDetect.h">
      <Filter>VMPDetect</Filter>
    </ClInclude>
    <ClInclude Include="syscall_helper.h">
      <Filter>Util</Filter>
    </ClInclude>
  </ItemGroup>
  <ItemGroup>
    <MASM Include="single_step_x64.asm">
      <Filter>VMPDetect</Filter>
    </MASM>
  </ItemGroup>
</Project>